
Microsoft Visual Studio Solution File, Format Version 11.00
# Visual Studio 2010
Project("{FAE04EC0-301F-11D3-BF4B-00C04F79EFBC}") = "Assembly-CSharp", "Assembly-CSharp.csproj", "{ECDA2746-3DD3-69D9-8C74-D5D0A3BE1C04}"
EndProject
Project("{FAE04EC0-301F-11D3-BF4B-00C04F79EFBC}") = "Assembly-CSharp-Editor", "Assembly-CSharp-Editor.csproj", "{32C4BDCF-1CCA-B074-016F-FF6647B88DD8}"
EndProject
Global
	GlobalSection(SolutionConfigurationPlatforms) = preSolution
		Debug|Any CPU = Debug|Any CPU
		Release|Any CPU = Release|Any CPU
	EndGlobalSection
	GlobalSection(ProjectConfigurationPlatforms) = postSolution
		{ECDA2746-3DD3-69D9-8C74-D5D0A3BE1C04}.Debug|Any CPU.ActiveCfg = Debug|Any CPU
		{ECDA2746-3DD3-69D9-8C74-D5D0A3BE1C04}.Debug|Any CPU.Build.0 = Debug|Any CPU
		{ECDA2746-3DD3-69D9-8C74-D5D0A3BE1C04}.Release|Any CPU.ActiveCfg = Release|Any CPU
		{ECDA2746-3DD3-69D9-8C74-D5D0A3BE1C04}.Release|Any CPU.Build.0 = Release|Any CPU
		{32C4BDCF-1CCA-B074-016F-FF6647B88DD8}.Debug|Any CPU.ActiveCfg = Debug|Any CPU
		{32C4BDCF-1CCA-B074-016F-FF6647B88DD8}.Debug|Any CPU.Build.0 = Debug|Any CPU
		{32C4BDCF-1CCA-B074-016F-FF6647B88DD8}.Release|Any CPU.ActiveCfg = Release|Any CPU
		{32C4BDCF-1CCA-B074-016F-FF6647B88DD8}.Release|Any CPU.Build.0 = Release|Any CPU
	EndGlobalSection
	GlobalSection(SolutionProperties) = preSolution
		HideSolutionNode = FALSE
	EndGlobalSection
	GlobalSection(MonoDevelopProperties) = preSolution
		StartupItem = Assembly-CSharp.csproj
	EndGlobalSection
EndGlobal
